
Microsoft Visual Studio Solution File, Format Version 12.00
# Visual Studio Version 17
VisualStudioVersion = 17.12.35527.113 d17.12
MinimumVisualStudioVersion = 10.0.40219.1
Project("{FAE04EC0-301F-11D3-BF4B-00C04F79EFBC}") = "TokenVisualizer", "TokenVisualizer\TokenVisualizer.csproj", "{8AEA92B5-E8F3-43F8-8E93-6D9E3D43C6D9}"
EndProject
Global
	GlobalSection(SolutionConfigurationPlatforms) = preSolution
		Debug|Any CPU = Debug|Any CPU
		Release|Any CPU = Release|Any CPU
	EndGlobalSection
	GlobalSection(ProjectConfigurationPlatforms) = postSolution
		{8AEA92B5-E8F3-43F8-8E93-6D9E3D43C6D9}.Debug|Any CPU.ActiveCfg = Debug|Any CPU
		{8AEA92B5-E8F3-43F8-8E93-6D9E3D43C6D9}.Debug|Any CPU.Build.0 = Debug|Any CPU
		{8AEA92B5-E8F3-43F8-8E93-6D9E3D43C6D9}.Release|Any CPU.ActiveCfg = Release|Any CPU
		{8AEA92B5-E8F3-43F8-8E93-6D9E3D43C6D9}.Release|Any CPU.Build.0 = Release|Any CPU
	EndGlobalSection
	GlobalSection(SolutionProperties) = preSolution
		HideSolutionNode = FALSE
	EndGlobalSection
EndGlobal
